
Microsoft Visual Studio Solution File, Format Version 12.00
# Visual Studio Version 16
VisualStudioVersion = 16.0.28803.202
MinimumVisualStudioVersion = 10.0.40219.1
Project("{FAE04EC0-301F-11D3-BF4B-00C04F79EFBC}") = "MIISHandler", "MIISHandler\MIISHandler.csproj", "{80934BA3-4D14-4DD1-AB2C-6466FCE8E791}"
EndProject
Project("{D954291E-2A0B-460D-934E-DC6B0785DB48}") = "IISHelpers", "IISHelpers\IISHelpers.shproj", "{D79AAD4F-CACF-439D-B3F7-73088C6FC123}"
EndProject
Project("{FAE04EC0-301F-11D3-BF4B-00C04F79EFBC}") = "Tests", "Tests\Tests.csproj", "{211FB561-9B94-4EAE-8E3A-4F2F92ADAEA5}"
EndProject
Project("{FAE04EC0-301F-11D3-BF4B-00C04F79EFBC}") = "MIISYouTubeTag", "MIISYouTubeTag\MIISYouTubeTag.csproj", "{DA8C87F0-67AC-4E0F-A999-9B1089AAC1E8}"
EndProject
Project("{FAE04EC0-301F-11D3-BF4B-00C04F79EFBC}") = "MIISTitleCaseFilter", "MIISToTitleCaseFilter\MIISTitleCaseFilter.csproj", "{A7DB5B34-882A-422F-AF62-42158A1E5049}"
EndProject
Project("{FAE04EC0-301F-11D3-BF4B-00C04F79EFBC}") = "MIISRandomParamSample", "MIISRandomParamSample\MIISRandomParamSample.csproj", "{DDFF0CAE-3C6A-46B9-A3F5-DA9B60361ACB}"
EndProject
Global
	GlobalSection(SharedMSBuildProjectFiles) = preSolution
		IISHelpers\IISHelpers.projitems*{80934ba3-4d14-4dd1-ab2c-6466fce8e791}*SharedItemsImports = 4
		IISHelpers\IISHelpers.projitems*{d79aad4f-cacf-439d-b3f7-73088c6fc123}*SharedItemsImports = 13
	EndGlobalSection
	GlobalSection(SolutionConfigurationPlatforms) = preSolution
		Debug|Any CPU = Debug|Any CPU
		Release|Any CPU = Release|Any CPU
	EndGlobalSection
	GlobalSection(ProjectConfigurationPlatforms) = postSolution
		{80934BA3-4D14-4DD1-AB2C-6466FCE8E791}.Debug|Any CPU.ActiveCfg = Debug|Any CPU
		{80934BA3-4D14-4DD1-AB2C-6466FCE8E791}.Debug|Any CPU.Build.0 = Debug|Any CPU
		{80934BA3-4D14-4DD1-AB2C-6466FCE8E791}.Release|Any CPU.ActiveCfg = Release|Any CPU
		{80934BA3-4D14-4DD1-AB2C-6466FCE8E791}.Release|Any CPU.Build.0 = Release|Any CPU
		{211FB561-9B94-4EAE-8E3A-4F2F92ADAEA5}.Debug|Any CPU.ActiveCfg = Debug|Any CPU
		{211FB561-9B94-4EAE-8E3A-4F2F92ADAEA5}.Debug|Any CPU.Build.0 = Debug|Any CPU
		{211FB561-9B94-4EAE-8E3A-4F2F92ADAEA5}.Release|Any CPU.ActiveCfg = Release|Any CPU
		{211FB561-9B94-4EAE-8E3A-4F2F92ADAEA5}.Release|Any CPU.Build.0 = Release|Any CPU
		{DA8C87F0-67AC-4E0F-A999-9B1089AAC1E8}.Debug|Any CPU.ActiveCfg = Debug|Any CPU
		{DA8C87F0-67AC-4E0F-A999-9B1089AAC1E8}.Debug|Any CPU.Build.0 = Debug|Any CPU
		{DA8C87F0-67AC-4E0F-A999-9B1089AAC1E8}.Release|Any CPU.ActiveCfg = Release|Any CPU
		{DA8C87F0-67AC-4E0F-A999-9B1089AAC1E8}.Release|Any CPU.Build.0 = Release|Any CPU
		{A7DB5B34-882A-422F-AF62-42158A1E5049}.Debug|Any CPU.ActiveCfg = Debug|Any CPU
		{A7DB5B34-882A-422F-AF62-42158A1E5049}.Debug|Any CPU.Build.0 = Debug|Any CPU
		{A7DB5B34-882A-422F-AF62-42158A1E5049}.Release|Any CPU.ActiveCfg = Release|Any CPU
		{A7DB5B34-882A-422F-AF62-42158A1E5049}.Release|Any CPU.Build.0 = Release|Any CPU
		{DDFF0CAE-3C6A-46B9-A3F5-DA9B60361ACB}.Debug|Any CPU.ActiveCfg = Debug|Any CPU
		{DDFF0CAE-3C6A-46B9-A3F5-DA9B60361ACB}.Debug|Any CPU.Build.0 = Debug|Any CPU
		{DDFF0CAE-3C6A-46B9-A3F5-DA9B60361ACB}.Release|Any CPU.ActiveCfg = Release|Any CPU
		{DDFF0CAE-3C6A-46B9-A3F5-DA9B60361ACB}.Release|Any CPU.Build.0 = Release|Any CPU
	EndGlobalSection
	GlobalSection(SolutionProperties) = preSolution
		HideSolutionNode = FALSE
	EndGlobalSection
	GlobalSection(ExtensibilityGlobals) = postSolution
		SolutionGuid = {B05C36B9-125C-4BE2-A730-AEF1D4150FDF}
	EndGlobalSection
EndGlobal
